
Microsoft Visual Studio Solution File, Format Version 12.00
# Visual Studio Version 17
VisualStudioVersion = 17.9.34701.34
MinimumVisualStudioVersion = 10.0.40219.1
Project("{FAE04EC0-301F-11D3-BF4B-00C04F79EFBC}") = "check-web3-api", "check-web3-api.csproj", "{8FA2ED43-76B5-42E3-A219-BBD5FC971F13}"
EndProject
Global
	GlobalSection(SolutionConfigurationPlatforms) = preSolution
		Debug|Any CPU = Debug|Any CPU
		Release|Any CPU = Release|Any CPU
	EndGlobalSection
	GlobalSection(ProjectConfigurationPlatforms) = postSolution
		{8FA2ED43-76B5-42E3-A219-BBD5FC971F13}.Debug|Any CPU.ActiveCfg = Debug|Any CPU
		{8FA2ED43-76B5-42E3-A219-BBD5FC971F13}.Debug|Any CPU.Build.0 = Debug|Any CPU
		{8FA2ED43-76B5-42E3-A219-BBD5FC971F13}.Release|Any CPU.ActiveCfg = Release|Any CPU
		{8FA2ED43-76B5-42E3-A219-BBD5FC971F13}.Release|Any CPU.Build.0 = Release|Any CPU
	EndGlobalSection
	GlobalSection(SolutionProperties) = preSolution
		HideSolutionNode = FALSE
	EndGlobalSection
	GlobalSection(ExtensibilityGlobals) = postSolution
		SolutionGuid = {28203D73-3B6C-46FF-8714-176F11559FC3}
	EndGlobalSection
EndGlobal
